{
  "originHash" : "ddf83e736a26ca7a90cad8c3cc9f590693cd5a6b474326412d64bcd91de45c44",
  "pins" : [
    {
      "identity" : "appsflyerframework",
      "kind" : "remoteSourceControl",
      "location" : "https://github.com/AppsFlyerSDK/AppsFlyerFramework",
      "state" : {
        "revision" : "edd3e30e4bafe527bc3df51250479302120510f3",
        "version" : "6.18.1"
      }
    },
    {
      "identity" : "facebook-ios-sdk",
      "kind" : "remoteSourceControl",
      "location" : "https://github.com/facebook/facebook-ios-sdk",
      "state" : {
        "revision" : "3818dd2ccb6547c6d320ff68a1bd599789c3a44f",
        "version" : "18.1.0"
      }
    }
  ],
  "version" : 3
}
